
Microsoft Visual Studio Solution File, Format Version 12.00
# Visual Studio Version 17
VisualStudioVersion = 17.14.37502.11
MinimumVisualStudioVersion = 10.0.40219.1
Project("{FAE04EC0-301F-11D3-BF4B-00C04F79EFBC}") = "iuis", "iuis\iuis.csproj", "{46134FFC-219E-4515-99D9-387C29074839}"
EndProject
Global
	GlobalSection(SolutionConfigurationPlatforms) = preSolution
		Debug|Any CPU = Debug|Any CPU
		Release|Any CPU = Release|Any CPU
	EndGlobalSection
	GlobalSection(ProjectConfigurationPlatforms) = postSolution
		{46134FFC-219E-4515-99D9-387C29074839}.Debug|Any CPU.ActiveCfg = Debug|Any CPU
		{46134FFC-219E-4515-99D9-387C29074839}.Debug|Any CPU.Build.0 = Debug|Any CPU
		{46134FFC-219E-4515-99D9-387C29074839}.Release|Any CPU.ActiveCfg = Release|Any CPU
		{46134FFC-219E-4515-99D9-387C29074839}.Release|Any CPU.Build.0 = Release|Any CPU
	EndGlobalSection
	GlobalSection(SolutionProperties) = preSolution
		HideSolutionNode = FALSE
	EndGlobalSection
	GlobalSection(ExtensibilityGlobals) = postSolution
		SolutionGuid = {4287CF40-E2C2-41F1-9D21-17819C13FF23}
	EndGlobalSection
EndGlobal
